
Microsoft Visual Studio Solution File, Format Version 12.00
# Visual Studio 15
VisualStudioVersion = 15.0.27428.2037
MinimumVisualStudioVersion = 10.0.40219.1
Project("{FAE04EC0-301F-11D3-BF4B-00C04F79EFBC}") = "ConsoleApp1", "ConsoleApp1\ConsoleApp1.csproj", "{53749A53-B61F-48C6-8F64-279F1A2FA8FF}"
EndProject
Global
	GlobalSection(SolutionConfigurationPlatforms) = preSolution
		Debug|Any CPU = Debug|Any CPU
		Release|Any CPU = Release|Any CPU
	EndGlobalSection
	GlobalSection(ProjectConfigurationPlatforms) = postSolution
		{53749A53-B61F-48C6-8F64-279F1A2FA8FF}.Debug|Any CPU.ActiveCfg = Debug|Any CPU
		{53749A53-B61F-48C6-8F64-279F1A2FA8FF}.Debug|Any CPU.Build.0 = Debug|Any CPU
		{53749A53-B61F-48C6-8F64-279F1A2FA8FF}.Release|Any CPU.ActiveCfg = Release|Any CPU
		{53749A53-B61F-48C6-8F64-279F1A2FA8FF}.Release|Any CPU.Build.0 = Release|Any CPU
	EndGlobalSection
	GlobalSection(SolutionProperties) = preSolution
		HideSolutionNode = FALSE
	EndGlobalSection
	GlobalSection(ExtensibilityGlobals) = postSolution
		SolutionGuid = {2AB7AC9B-E661-490B-87BA-B0296517DA63}
	EndGlobalSection
EndGlobal
